{
  "name": "dates_js_npm",
  "version": "1.0.0",
  "lockfileVersion": 2,
  "requires": true,
  "packages": {
    "": {
      "name": "dates_js_npm",
      "version": "1.0.0",
      "license": "ISC",
      "dependencies": {
        "date-fns": "^2.28.0",
        "date-fns-tz": "^1.3.3"
      }
    },
    "node_modules/date-fns": {
      "version": "2.28.0",
      "resolved": "https://registry.npmjs.org/date-fns/-/date-fns-2.28.0.tgz",
      "integrity": "sha512-8d35hViGYx/QH0icHYCeLmsLmMUheMmTyV9Fcm6gvNwdw31yXXH+O85sOBJ+OLnLQMKZowvpKb6FgMIQjcpvQw==",
      "engines": {
        "node": ">=0.11"
      },
      "funding": {
        "type": "opencollective",
        "url": "https://opencollective.com/date-fns"
      }
    },
    "node_modules/date-fns-tz": {
      "version": "1.3.3",
      "resolved": "https://registry.npmjs.org/date-fns-tz/-/date-fns-tz-1.3.3.tgz",
      "integrity": "sha512-Gks46gwbSauBQnV3Oofluj1wTm8J0tM7sbSJ9P+cJq/ZnTCpMohTKmmO5Tn+jQ7dyn0+b8G7cY4O2DZ5P/LXcA==",
      "peerDependencies": {
        "date-fns": ">=2.0.0"
      }
    }
  },
  "dependencies": {
    "date-fns": {
      "version": "2.28.0",
      "resolved": "https://registry.npmjs.org/date-fns/-/date-fns-2.28.0.tgz",
      "integrity": "sha512-8d35hViGYx/QH0icHYCeLmsLmMUheMmTyV9Fcm6gvNwdw31yXXH+O85sOBJ+OLnLQMKZowvpKb6FgMIQjcpvQw=="
    },
    "date-fns-tz": {
      "version": "1.3.3",
      "resolved": "https://registry.npmjs.org/date-fns-tz/-/date-fns-tz-1.3.3.tgz",
      "integrity": "sha512-Gks46gwbSauBQnV3Oofluj1wTm8J0tM7sbSJ9P+cJq/ZnTCpMohTKmmO5Tn+jQ7dyn0+b8G7cY4O2DZ5P/LXcA==",
      "requires": {}
    }
  }
}
